// !$*UTF8*$!
{
	archiveVersion = 1;
	classes = {
	};
	objectVersion = 46;
	objects = {

/* Begin PBXBuildFile section */
		0004F0E91A8AEC0900CFCA23 /* GHBView.m in Sources */ = {isa = PBXBuildFile; fileRef = 0004F0E81A8AEC0900CFCA23 /* GHBView.m */; };
		00A4121C1829DC5900C5A20F /* Foundation.framework in Frameworks */ = {isa = PBXBuildFile; fileRef = 00A4121B1829DC5900C5A20F /* Foundation.framework */; };
		00A4121E1829DC5900C5A20F /* CoreGraphics.framework in Frameworks */ = {isa = PBXBuildFile; fileRef = 00A4121D1829DC5900C5A20F /* CoreGraphics.framework */; };
		00A412201829DC5900C5A20F /* UIKit.framework in Frameworks */ = {isa = PBXBuildFile; fileRef = 00A4121F1829DC5900C5A20F /* UIKit.framework */; };
		00B545071A8AB8790044CC5B /* AppDelegate.m in Sources */ = {isa = PBXBuildFile; fileRef = 00B544E61A8AB8790044CC5B /* AppDelegate.m */; };
		00B545161A8AB8790044CC5B /* Images.xcassets in Resources */ = {isa = PBXBuildFile; fileRef = 00B545031A8AB8790044CC5B /* Images.xcassets */; };
		00B545171A8AB8790044CC5B /* main.m in Sources */ = {isa = PBXBuildFile; fileRef = 00B545041A8AB8790044CC5B /* main.m */; };
		00B545181A8AB8790044CC5B /* unsplash1.jpg in Resources */ = {isa = PBXBuildFile; fileRef = 00B545061A8AB8790044CC5B /* unsplash1.jpg */; };
		00E64C061A8AC54000CACF44 /* GHAView.m in Sources */ = {isa = PBXBuildFile; fileRef = 00E64C051A8AC54000CACF44 /* GHAView.m */; };
		00E64C1E1A8ADE1600CACF44 /* GHUITextImageView.m in Sources */ = {isa = PBXBuildFile; fileRef = 00E64C1D1A8ADE1600CACF44 /* GHUITextImageView.m */; };
		2EE1EB4076EC4895AFED81BF /* libPods.a in Frameworks */ = {isa = PBXBuildFile; fileRef = 00FD4EE7D9954FFBADAD9715 /* libPods.a */; };
/* End PBXBuildFile section */

/* Begin PBXFileReference section */
		0004F0E71A8AEC0900CFCA23 /* GHBView.h */ = {isa = PBXFileReference; fileEncoding = 4; lastKnownFileType = sourcecode.c.h; path = GHBView.h; sourceTree = "<group>"; };
		0004F0E81A8AEC0900CFCA23 /* GHBView.m */ = {isa = PBXFileReference; fileEncoding = 4; lastKnownFileType = sourcecode.c.objc; path = GHBView.m; sourceTree = "<group>"; };
		0004F0EA1A8AF19800CFCA23 /* YOCView.podspec */ = {isa = PBXFileReference; lastKnownFileType = text; name = YOCView.podspec; path = ../YOCView.podspec; sourceTree = "<group>"; };
		00A412181829DC5900C5A20F /* Example.app */ = {isa = PBXFileReference; explicitFileType = wrapper.application; includeInIndex = 0; path = Example.app; sourceTree = BUILT_PRODUCTS_DIR; };
		00A4121B1829DC5900C5A20F /* Foundation.framework */ = {isa = PBXFileReference; lastKnownFileType = wrapper.framework; name = Foundation.framework; path = System/Library/Frameworks/Foundation.framework; sourceTree = SDKROOT; };
		00A4121D1829DC5900C5A20F /* CoreGraphics.framework */ = {isa = PBXFileReference; lastKnownFileType = wrapper.framework; name = CoreGraphics.framework; path = System/Library/Frameworks/CoreGraphics.framework; sourceTree = SDKROOT; };
		00A4121F1829DC5900C5A20F /* UIKit.framework */ = {isa = PBXFileReference; lastKnownFileType = wrapper.framework; name = UIKit.framework; path = System/Library/Frameworks/UIKit.framework; sourceTree = SDKROOT; };
		00A412341829DC5900C5A20F /* XCTest.framework */ = {isa = PBXFileReference; lastKnownFileType = wrapper.framework; name = XCTest.framework; path = Library/Frameworks/XCTest.framework; sourceTree = DEVELOPER_DIR; };
		00A4124A1829DC9300C5A20F /* Podfile */ = {isa = PBXFileReference; lastKnownFileType = text; path = Podfile; sourceTree = SOURCE_ROOT; xcLanguageSpecificationIdentifier = xcode.lang.ruby; };
		00B544E51A8AB8790044CC5B /* AppDelegate.h */ = {isa = PBXFileReference; fileEncoding = 4; lastKnownFileType = sourcecode.c.h; path = AppDelegate.h; sourceTree = "<group>"; };
		00B544E61A8AB8790044CC5B /* AppDelegate.m */ = {isa = PBXFileReference; fileEncoding = 4; lastKnownFileType = sourcecode.c.objc; path = AppDelegate.m; sourceTree = "<group>"; };
		00B545031A8AB8790044CC5B /* Images.xcassets */ = {isa = PBXFileReference; lastKnownFileType = folder.assetcatalog; path = Images.xcassets; sourceTree = "<group>"; };
		00B545041A8AB8790044CC5B /* main.m */ = {isa = PBXFileReference; fileEncoding = 4; lastKnownFileType = sourcecode.c.objc; path = main.m; sourceTree = "<group>"; };
		00B545061A8AB8790044CC5B /* unsplash1.jpg */ = {isa = PBXFileReference; lastKnownFileType = image.jpeg; path = unsplash1.jpg; sourceTree = "<group>"; };
		00E64C041A8AC54000CACF44 /* GHAView.h */ = {isa = PBXFileReference; fileEncoding = 4; lastKnownFileType = sourcecode.c.h; path = GHAView.h; sourceTree = "<group>"; };
		00E64C051A8AC54000CACF44 /* GHAView.m */ = {isa = PBXFileReference; fileEncoding = 4; lastKnownFileType = sourcecode.c.objc; path = GHAView.m; sourceTree = "<group>"; };
		00E64C071A8ACA7B00CACF44 /* README.md */ = {isa = PBXFileReference; lastKnownFileType = net.daringfireball.markdown; name = README.md; path = ../README.md; sourceTree = "<group>"; };
		00E64C1C1A8ADE1600CACF44 /* GHUITextImageView.h */ = {isa = PBXFileReference; fileEncoding = 4; lastKnownFileType = sourcecode.c.h; path = GHUITextImageView.h; sourceTree = "<group>"; };
		00E64C1D1A8ADE1600CACF44 /* GHUITextImageView.m */ = {isa = PBXFileReference; fileEncoding = 4; lastKnownFileType = sourcecode.c.objc; path = GHUITextImageView.m; sourceTree = "<group>"; };
		00FD4EE7D9954FFBADAD9715 /* libPods.a */ = {isa = PBXFileReference; explicitFileType = archive.ar; includeInIndex = 0; path = libPods.a; sourceTree = BUILT_PRODUCTS_DIR; };
		5E73B37AD167E3B79979DAE7 /* Pods.release.xcconfig */ = {isa = PBXFileReference; includeInIndex = 1; lastKnownFileType = text.xcconfig; name = Pods.release.xcconfig; path = "Pods/Target Support Files/Pods/Pods.release.xcconfig"; sourceTree = "<group>"; };
		7B4AA4CC089CED828AD76B6B /* Pods.debug.xcconfig */ = {isa = PBXFileReference; includeInIndex = 1; lastKnownFileType = text.xcconfig; name = Pods.debug.xcconfig; path = "Pods/Target Support Files/Pods/Pods.debug.xcconfig"; sourceTree = "<group>"; };
/* End PBXFileReference section */

/* Begin PBXFrameworksBuildPhase section */
		00A412151829DC5900C5A20F /* Frameworks */ = {
			isa = PBXFrameworksBuildPhase;
			buildActionMask = 2147483647;
			files = (
				00A4121E1829DC5900C5A20F /* CoreGraphics.framework in Frameworks */,
				00A412201829DC5900C5A20F /* UIKit.framework in Frameworks */,
				00A4121C1829DC5900C5A20F /* Foundation.framework in Frameworks */,
				2EE1EB4076EC4895AFED81BF /* libPods.a in Frameworks */,
			);
			runOnlyForDeploymentPostprocessing = 0;
		};
/* End PBXFrameworksBuildPhase section */

/* Begin PBXGroup section */
		00A4120F1829DC5900C5A20F = {
			isa = PBXGroup;
			children = (
				0004F0EA1A8AF19800CFCA23 /* YOCView.podspec */,
				00E64C071A8ACA7B00CACF44 /* README.md */,
				00A4124A1829DC9300C5A20F /* Podfile */,
				00B544E41A8AB8790044CC5B /* Example */,
				00A4121A1829DC5900C5A20F /* Frameworks */,
				00A412191829DC5900C5A20F /* Products */,
				795207FE2DB340BFAB2A9D36 /* Pods */,
			);
			sourceTree = "<group>";
		};
		00A412191829DC5900C5A20F /* Products */ = {
			isa = PBXGroup;
			children = (
				00A412181829DC5900C5A20F /* Example.app */,
			);
			name = Products;
			sourceTree = "<group>";
		};
		00A4121A1829DC5900C5A20F /* Frameworks */ = {
			isa = PBXGroup;
			children = (
				00A4121B1829DC5900C5A20F /* Foundation.framework */,
				00A4121D1829DC5900C5A20F /* CoreGraphics.framework */,
				00A4121F1829DC5900C5A20F /* UIKit.framework */,
				00A412341829DC5900C5A20F /* XCTest.framework */,
				00FD4EE7D9954FFBADAD9715 /* libPods.a */,
			);
			name = Frameworks;
			sourceTree = "<group>";
		};
		00B544E41A8AB8790044CC5B /* Example */ = {
			isa = PBXGroup;
			children = (
				00B544E51A8AB8790044CC5B /* AppDelegate.h */,
				00B544E61A8AB8790044CC5B /* AppDelegate.m */,
				00E64C041A8AC54000CACF44 /* GHAView.h */,
				00E64C051A8AC54000CACF44 /* GHAView.m */,
				0004F0E71A8AEC0900CFCA23 /* GHBView.h */,
				0004F0E81A8AEC0900CFCA23 /* GHBView.m */,
				00E64C1C1A8ADE1600CACF44 /* GHUITextImageView.h */,
				00E64C1D1A8ADE1600CACF44 /* GHUITextImageView.m */,
				00B545031A8AB8790044CC5B /* Images.xcassets */,
				00B545041A8AB8790044CC5B /* main.m */,
				00B545051A8AB8790044CC5B /* Resources */,
			);
			path = Example;
			sourceTree = "<group>";
		};
		00B545051A8AB8790044CC5B /* Resources */ = {
			isa = PBXGroup;
			children = (
				00B545061A8AB8790044CC5B /* unsplash1.jpg */,
			);
			path = Resources;
			sourceTree = "<group>";
		};
		795207FE2DB340BFAB2A9D36 /* Pods */ = {
			isa = PBXGroup;
			children = (
				7B4AA4CC089CED828AD76B6B /* Pods.debug.xcconfig */,
				5E73B37AD167E3B79979DAE7 /* Pods.release.xcconfig */,
			);
			name = Pods;
			sourceTree = "<group>";
		};
/* End PBXGroup section */

/* Begin PBXNativeTarget section */
		00A412171829DC5900C5A20F /* Example */ = {
			isa = PBXNativeTarget;
			buildConfigurationList = 00A412441829DC5900C5A20F /* Build configuration list for PBXNativeTarget "Example" */;
			buildPhases = (
				4F3CF91163664F539BCEEC39 /* Check Pods Manifest.lock */,
				00A412141829DC5900C5A20F /* Sources */,
				00A412151829DC5900C5A20F /* Frameworks */,
				00A412161829DC5900C5A20F /* Resources */,
				0782C5C3B4484821BEC21700 /* Copy Pods Resources */,
			);
			buildRules = (
			);
			dependencies = (
			);
			name = Example;
			productName = GHUICatalog;
			productReference = 00A412181829DC5900C5A20F /* Example.app */;
			productType = "com.apple.product-type.application";
		};
/* End PBXNativeTarget section */

/* Begin PBXProject section */
		00A412101829DC5900C5A20F /* Project object */ = {
			isa = PBXProject;
			attributes = {
				LastUpgradeCheck = 0600;
				ORGANIZATIONNAME = "Gabriel Handford";
			};
			buildConfigurationList = 00A412131829DC5900C5A20F /* Build configuration list for PBXProject "Example" */;
			compatibilityVersion = "Xcode 3.2";
			developmentRegion = English;
			hasScannedForEncodings = 0;
			knownRegions = (
				en,
			);
			mainGroup = 00A4120F1829DC5900C5A20F;
			productRefGroup = 00A412191829DC5900C5A20F /* Products */;
			projectDirPath = "";
			projectRoot = "";
			targets = (
				00A412171829DC5900C5A20F /* Example */,
			);
		};
/* End PBXProject section */

/* Begin PBXResourcesBuildPhase section */
		00A412161829DC5900C5A20F /* Resources */ = {
			isa = PBXResourcesBuildPhase;
			buildActionMask = 2147483647;
			files = (
				00B545161A8AB8790044CC5B /* Images.xcassets in Resources */,
				00B545181A8AB8790044CC5B /* unsplash1.jpg in Resources */,
			);
			runOnlyForDeploymentPostprocessing = 0;
		};
/* End PBXResourcesBuildPhase section */

/* Begin PBXShellScriptBuildPhase section */
		0782C5C3B4484821BEC21700 /* Copy Pods Resources */ = {
			isa = PBXShellScriptBuildPhase;
			buildActionMask = 2147483647;
			files = (
			);
			inputPaths = (
			);
			name = "Copy Pods Resources";
			outputPaths = (
			);
			runOnlyForDeploymentPostprocessing = 0;
			shellPath = /bin/sh;
			shellScript = "\"${SRCROOT}/Pods/Target Support Files/Pods/Pods-resources.sh\"\n";
			showEnvVarsInLog = 0;
		};
		4F3CF91163664F539BCEEC39 /* Check Pods Manifest.lock */ = {
			isa = PBXShellScriptBuildPhase;
			buildActionMask = 2147483647;
			files = (
			);
			inputPaths = (
			);
			name = "Check Pods Manifest.lock";
			outputPaths = (
			);
			runOnlyForDeploymentPostprocessing = 0;
			shellPath = /bin/sh;
			shellScript = "diff \"${PODS_ROOT}/../Podfile.lock\" \"${PODS_ROOT}/Manifest.lock\" > /dev/null\nif [[ $? != 0 ]] ; then\n    cat << EOM\nerror: The sandbox is not in sync with the Podfile.lock. Run 'pod install' or update your CocoaPods installation.\nEOM\n    exit 1\nfi\n";
			showEnvVarsInLog = 0;
		};
/* End PBXShellScriptBuildPhase section */

/* Begin PBXSourcesBuildPhase section */
		00A412141829DC5900C5A20F /* Sources */ = {
			isa = PBXSourcesBuildPhase;
			buildActionMask = 2147483647;
			files = (
				00B545071A8AB8790044CC5B /* AppDelegate.m in Sources */,
				00E64C061A8AC54000CACF44 /* GHAView.m in Sources */,
				00E64C1E1A8ADE1600CACF44 /* GHUITextImageView.m in Sources */,
				00B545171A8AB8790044CC5B /* main.m in Sources */,
				0004F0E91A8AEC0900CFCA23 /* GHBView.m in Sources */,
			);
			runOnlyForDeploymentPostprocessing = 0;
		};
/* End PBXSourcesBuildPhase section */

/* Begin XCBuildConfiguration section */
		00A412421829DC5900C5A20F /* Debug */ = {
			isa = XCBuildConfiguration;
			buildSettings = {
				ALWAYS_SEARCH_USER_PATHS = NO;
				CLANG_CXX_LANGUAGE_STANDARD = "gnu++0x";
				CLANG_CXX_LIBRARY = "libc++";
				CLANG_ENABLE_MODULES = YES;
				CLANG_ENABLE_OBJC_ARC = YES;
				CLANG_WARN_BOOL_CONVERSION = YES;
				CLANG_WARN_CONSTANT_CONVERSION = YES;
				CLANG_WARN_DIRECT_OBJC_ISA_USAGE = YES_ERROR;
				CLANG_WARN_EMPTY_BODY = YES;
				CLANG_WARN_ENUM_CONVERSION = YES;
				CLANG_WARN_INT_CONVERSION = YES;
				CLANG_WARN_OBJC_ROOT_CLASS = YES_ERROR;
				CLANG_WARN__DUPLICATE_METHOD_MATCH = YES;
				"CODE_SIGN_IDENTITY[sdk=iphoneos*]" = "iPhone Developer";
				COPY_PHASE_STRIP = NO;
				GCC_C_LANGUAGE_STANDARD = gnu99;
				GCC_DYNAMIC_NO_PIC = NO;
				GCC_OPTIMIZATION_LEVEL = 0;
				GCC_PREPROCESSOR_DEFINITIONS = (
					"DEBUG=1",
					"$(inherited)",
				);
				GCC_SYMBOLS_PRIVATE_EXTERN = NO;
				GCC_WARN_64_TO_32_BIT_CONVERSION = YES;
				GCC_WARN_ABOUT_RETURN_TYPE = YES_ERROR;
				GCC_WARN_UNDECLARED_SELECTOR = YES;
				GCC_WARN_UNINITIALIZED_AUTOS = YES;
				GCC_WARN_UNUSED_FUNCTION = YES;
				GCC_WARN_UNUSED_VARIABLE = YES;
				IPHONEOS_DEPLOYMENT_TARGET = 7.0;
				ONLY_ACTIVE_ARCH = YES;
				SDKROOT = iphoneos;
				TARGETED_DEVICE_FAMILY = "1,2";
			};
			name = Debug;
		};
		00A412431829DC5900C5A20F /* Release */ = {
			isa = XCBuildConfiguration;
			buildSettings = {
				ALWAYS_SEARCH_USER_PATHS = NO;
				CLANG_CXX_LANGUAGE_STANDARD = "gnu++0x";
				CLANG_CXX_LIBRARY = "libc++";
				CLANG_ENABLE_MODULES = YES;
				CLANG_ENABLE_OBJC_ARC = YES;
				CLANG_WARN_BOOL_CONVERSION = YES;
				CLANG_WARN_CONSTANT_CONVERSION = YES;
				CLANG_WARN_DIRECT_OBJC_ISA_USAGE = YES_ERROR;
				CLANG_WARN_EMPTY_BODY = YES;
				CLANG_WARN_ENUM_CONVERSION = YES;
				CLANG_WARN_INT_CONVERSION = YES;
				CLANG_WARN_OBJC_ROOT_CLASS = YES_ERROR;
				CLANG_WARN__DUPLICATE_METHOD_MATCH = YES;
				"CODE_SIGN_IDENTITY[sdk=iphoneos*]" = "iPhone Developer";
				COPY_PHASE_STRIP = YES;
				ENABLE_NS_ASSERTIONS = NO;
				GCC_C_LANGUAGE_STANDARD = gnu99;
				GCC_WARN_64_TO_32_BIT_CONVERSION = YES;
				GCC_WARN_ABOUT_RETURN_TYPE = YES_ERROR;
				GCC_WARN_UNDECLARED_SELECTOR = YES;
				GCC_WARN_UNINITIALIZED_AUTOS = YES;
				GCC_WARN_UNUSED_FUNCTION = YES;
				GCC_WARN_UNUSED_VARIABLE = YES;
				IPHONEOS_DEPLOYMENT_TARGET = 7.0;
				SDKROOT = iphoneos;
				TARGETED_DEVICE_FAMILY = "1,2";
				VALIDATE_PRODUCT = YES;
			};
			name = Release;
		};
		00A412451829DC5900C5A20F /* Debug */ = {
			isa = XCBuildConfiguration;
			baseConfigurationReference = 7B4AA4CC089CED828AD76B6B /* Pods.debug.xcconfig */;
			buildSettings = {
				ASSETCATALOG_COMPILER_APPICON_NAME = AppIcon;
				ASSETCATALOG_COMPILER_LAUNCHIMAGE_NAME = LaunchImage;
				GCC_PRECOMPILE_PREFIX_HEADER = YES;
				INFOPLIST_FILE = Info.plist;
				PRODUCT_NAME = Example;
				WRAPPER_EXTENSION = app;
			};
			name = Debug;
		};
		00A412461829DC5900C5A20F /* Release */ = {
			isa = XCBuildConfiguration;
			baseConfigurationReference = 5E73B37AD167E3B79979DAE7 /* Pods.release.xcconfig */;
			buildSettings = {
				ASSETCATALOG_COMPILER_APPICON_NAME = AppIcon;
				ASSETCATALOG_COMPILER_LAUNCHIMAGE_NAME = LaunchImage;
				GCC_PRECOMPILE_PREFIX_HEADER = YES;
				INFOPLIST_FILE = Info.plist;
				PRODUCT_NAME = Example;
				WRAPPER_EXTENSION = app;
			};
			name = Release;
		};
/* End XCBuildConfiguration section */

/* Begin XCConfigurationList section */
		00A412131829DC5900C5A20F /* Build configuration list for PBXProject "Example" */ = {
			isa = XCConfigurationList;
			buildConfigurations = (
				00A412421829DC5900C5A20F /* Debug */,
				00A412431829DC5900C5A20F /* Release */,
			);
			defaultConfigurationIsVisible = 0;
			defaultConfigurationName = Release;
		};
		00A412441829DC5900C5A20F /* Build configuration list for PBXNativeTarget "Example" */ = {
			isa = XCConfigurationList;
			buildConfigurations = (
				00A412451829DC5900C5A20F /* Debug */,
				00A412461829DC5900C5A20F /* Release */,
			);
			defaultConfigurationIsVisible = 0;
			defaultConfigurationName = Release;
		};
/* End XCConfigurationList section */
	};
	rootObject = 00A412101829DC5900C5A20F /* Project object */;
}
